# This file is automatically @generated by Cargo.
# It is not intended for manual editing.
version = 4

[[package]]
name = "renovate-test"
version = "0.1.0"
dependencies = [
 "test-crate",
]

[[package]]
name = "test-crate"
version = "0.1.0"
source = "git+ssh://git@github.com/okkero/test-crate.git?rev=781a5411204a1dbc50bd5a9736f990fea94c6013#781a5411204a1dbc50bd5a9736f990fea94c6013"
