# This file is automatically @generated by Cargo.
# It is not intended for manual editing.
version = 4

[[package]]
name = "renovate-test"
version = "0.1.0"
dependencies = [
 "test-crate",
]

[[package]]
name = "test-crate"
version = "0.1.0"
source = "git+ssh://git@github.com/okkero/test-crate.git?rev=1e6fa6f26a67c3e313bd2a84c3415646e77c5ba5#1e6fa6f26a67c3e313bd2a84c3415646e77c5ba5"
