# This file is automatically @generated by Cargo.
# It is not intended for manual editing.
version = 4

[[package]]
name = "renovate-test"
version = "0.1.0"
dependencies = [
 "test-crate",
]

[[package]]
name = "test-crate"
version = "0.1.0"
source = "git+ssh://git@github.com/okkero/test-crate.git?rev=05a59ec4919ba348f57d5ab687e8597223a094e0#05a59ec4919ba348f57d5ab687e8597223a094e0"
